// !$*UTF8*$!
{
	archiveVersion = 1;
	classes = {
	};
	objectVersion = 56;
	objects = {

/* Begin PBXBuildFile section */
		30DFA2C6EABFD2CFB33647DF /* Pods_StoryBoardPost.framework in Frameworks */ = {isa = PBXBuildFile; fileRef = 6CF278DEBDD1B2DAE89B61B4 /* Pods_StoryBoardPost.framework */; };
		92D06DC219D35451211C3F52 /* Pods_StoryBoardPost_StoryBoardPostUITests.framework in Frameworks */ = {isa = PBXBuildFile; fileRef = 1C5FF0D1815E1AD7FD394363 /* Pods_StoryBoardPost_StoryBoardPostUITests.framework */; };
		967E24AF2944808E00784BBA /* AppDelegate.swift in Sources */ = {isa = PBXBuildFile; fileRef = 967E24AE2944808E00784BBA /* AppDelegate.swift */; };
		967E24B12944808E00784BBA /* SceneDelegate.swift in Sources */ = {isa = PBXBuildFile; fileRef = 967E24B02944808E00784BBA /* SceneDelegate.swift */; };
		967E24B62944808E00784BBA /* Main.storyboard in Resources */ = {isa = PBXBuildFile; fileRef = 967E24B42944808E00784BBA /* Main.storyboard */; };
		967E24B82944809100784BBA /* Assets.xcassets in Resources */ = {isa = PBXBuildFile; fileRef = 967E24B72944809100784BBA /* Assets.xcassets */; };
		967E24BB2944809100784BBA /* LaunchScreen.storyboard in Resources */ = {isa = PBXBuildFile; fileRef = 967E24B92944809100784BBA /* LaunchScreen.storyboard */; };
		967E24C62944809200784BBA /* StoryBoardPostTests.swift in Sources */ = {isa = PBXBuildFile; fileRef = 967E24C52944809200784BBA /* StoryBoardPostTests.swift */; };
		967E24D02944809200784BBA /* StoryBoardPostUITests.swift in Sources */ = {isa = PBXBuildFile; fileRef = 967E24CF2944809200784BBA /* StoryBoardPostUITests.swift */; };
		967E24D22944809200784BBA /* StoryBoardPostUITestsLaunchTests.swift in Sources */ = {isa = PBXBuildFile; fileRef = 967E24D12944809200784BBA /* StoryBoardPostUITestsLaunchTests.swift */; };
		967E24E42944822C00784BBA /* HomeViewController.swift in Sources */ = {isa = PBXBuildFile; fileRef = 967E24E22944822C00784BBA /* HomeViewController.swift */; };
		967E24E52944822C00784BBA /* HomeViewController.xib in Resources */ = {isa = PBXBuildFile; fileRef = 967E24E32944822C00784BBA /* HomeViewController.xib */; };
		967E24E8294488ED00784BBA /* CreateViewController.swift in Sources */ = {isa = PBXBuildFile; fileRef = 967E24E6294488ED00784BBA /* CreateViewController.swift */; };
		967E24E9294488ED00784BBA /* CreateViewController.xib in Resources */ = {isa = PBXBuildFile; fileRef = 967E24E7294488ED00784BBA /* CreateViewController.xib */; };
		967E24EC294488F800784BBA /* EditViewController.swift in Sources */ = {isa = PBXBuildFile; fileRef = 967E24EA294488F800784BBA /* EditViewController.swift */; };
		967E24ED294488F800784BBA /* EditViewController.xib in Resources */ = {isa = PBXBuildFile; fileRef = 967E24EB294488F800784BBA /* EditViewController.xib */; };
		967E24EF294489CC00784BBA /* BaseViewController.swift in Sources */ = {isa = PBXBuildFile; fileRef = 967E24EE294489CC00784BBA /* BaseViewController.swift */; };
		967E24F129448C2600784BBA /* Post.swift in Sources */ = {isa = PBXBuildFile; fileRef = 967E24F029448C2600784BBA /* Post.swift */; };
		967E24F429448F0400784BBA /* PostTableViewCell.swift in Sources */ = {isa = PBXBuildFile; fileRef = 967E24F229448F0400784BBA /* PostTableViewCell.swift */; };
		967E24F529448F0400784BBA /* PostTableViewCell.xib in Resources */ = {isa = PBXBuildFile; fileRef = 967E24F329448F0400784BBA /* PostTableViewCell.xib */; };
		9699B9D82945DEB10097F1CB /* Network.swift in Sources */ = {isa = PBXBuildFile; fileRef = 9699B9D72945DEB10097F1CB /* Network.swift */; };
		C8A5487A066112FFBFAD6CB3 /* Pods_StoryBoardPostTests.framework in Frameworks */ = {isa = PBXBuildFile; fileRef = E117A5E6204EEA6593BF221D /* Pods_StoryBoardPostTests.framework */; };
/* End PBXBuildFile section */

/* Begin PBXContainerItemProxy section */
		967E24C22944809200784BBA /* PBXContainerItemProxy */ = {
			isa = PBXContainerItemProxy;
			containerPortal = 967E24A32944808E00784BBA /* Project object */;
			proxyType = 1;
			remoteGlobalIDString = 967E24AA2944808E00784BBA;
			remoteInfo = StoryBoardPost;
		};
		967E24CC2944809200784BBA /* PBXContainerItemProxy */ = {
			isa = PBXContainerItemProxy;
			containerPortal = 967E24A32944808E00784BBA /* Project object */;
			proxyType = 1;
			remoteGlobalIDString = 967E24AA2944808E00784BBA;
			remoteInfo = StoryBoardPost;
		};
/* End PBXContainerItemProxy section */

/* Begin PBXFileReference section */
		103796A623DE9F34AAA34B3A /* Pods-StoryBoardPostTests.debug.xcconfig */ = {isa = PBXFileReference; includeInIndex = 1; lastKnownFileType = text.xcconfig; name = "Pods-StoryBoardPostTests.debug.xcconfig"; path = "Target Support Files/Pods-StoryBoardPostTests/Pods-StoryBoardPostTests.debug.xcconfig"; sourceTree = "<group>"; };
		1C5FF0D1815E1AD7FD394363 /* Pods_StoryBoardPost_StoryBoardPostUITests.framework */ = {isa = PBXFileReference; explicitFileType = wrapper.framework; includeInIndex = 0; path = Pods_StoryBoardPost_StoryBoardPostUITests.framework; sourceTree = BUILT_PRODUCTS_DIR; };
		35E17EDD5C9EF1152B58B4DC /* Pods-StoryBoardPostTests.release.xcconfig */ = {isa = PBXFileReference; includeInIndex = 1; lastKnownFileType = text.xcconfig; name = "Pods-StoryBoardPostTests.release.xcconfig"; path = "Target Support Files/Pods-StoryBoardPostTests/Pods-StoryBoardPostTests.release.xcconfig"; sourceTree = "<group>"; };
		6CF278DEBDD1B2DAE89B61B4 /* Pods_StoryBoardPost.framework */ = {isa = PBXFileReference; explicitFileType = wrapper.framework; includeInIndex = 0; path = Pods_StoryBoardPost.framework; sourceTree = BUILT_PRODUCTS_DIR; };
		75EF5AB51227DF2525976137 /* Pods-StoryBoardPost-StoryBoardPostUITests.release.xcconfig */ = {isa = PBXFileReference; includeInIndex = 1; lastKnownFileType = text.xcconfig; name = "Pods-StoryBoardPost-StoryBoardPostUITests.release.xcconfig"; path = "Target Support Files/Pods-StoryBoardPost-StoryBoardPostUITests/Pods-StoryBoardPost-StoryBoardPostUITests.release.xcconfig"; sourceTree = "<group>"; };
		967E24AB2944808E00784BBA /* StoryBoardPost.app */ = {isa = PBXFileReference; explicitFileType = wrapper.application; includeInIndex = 0; path = StoryBoardPost.app; sourceTree = BUILT_PRODUCTS_DIR; };
		967E24AE2944808E00784BBA /* AppDelegate.swift */ = {isa = PBXFileReference; lastKnownFileType = sourcecode.swift; path = AppDelegate.swift; sourceTree = "<group>"; };
		967E24B02944808E00784BBA /* SceneDelegate.swift */ = {isa = PBXFileReference; lastKnownFileType = sourcecode.swift; path = SceneDelegate.swift; sourceTree = "<group>"; };
		967E24B52944808E00784BBA /* Base */ = {isa = PBXFileReference; lastKnownFileType = file.storyboard; name = Base; path = Base.lproj/Main.storyboard; sourceTree = "<group>"; };
		967E24B72944809100784BBA /* Assets.xcassets */ = {isa = PBXFileReference; lastKnownFileType = folder.assetcatalog; path = Assets.xcassets; sourceTree = "<group>"; };
		967E24BA2944809100784BBA /* Base */ = {isa = PBXFileReference; lastKnownFileType = file.storyboard; name = Base; path = Base.lproj/LaunchScreen.storyboard; sourceTree = "<group>"; };
		967E24BC2944809100784BBA /* Info.plist */ = {isa = PBXFileReference; lastKnownFileType = text.plist.xml; path = Info.plist; sourceTree = "<group>"; };
		967E24C12944809200784BBA /* StoryBoardPostTests.xctest */ = {isa = PBXFileReference; explicitFileType = wrapper.cfbundle; includeInIndex = 0; path = StoryBoardPostTests.xctest; sourceTree = BUILT_PRODUCTS_DIR; };
		967E24C52944809200784BBA /* StoryBoardPostTests.swift */ = {isa = PBXFileReference; lastKnownFileType = sourcecode.swift; path = StoryBoardPostTests.swift; sourceTree = "<group>"; };
		967E24CB2944809200784BBA /* StoryBoardPostUITests.xctest */ = {isa = PBXFileReference; explicitFileType = wrapper.cfbundle; includeInIndex = 0; path = StoryBoardPostUITests.xctest; sourceTree = BUILT_PRODUCTS_DIR; };
		967E24CF2944809200784BBA /* StoryBoardPostUITests.swift */ = {isa = PBXFileReference; lastKnownFileType = sourcecode.swift; path = StoryBoardPostUITests.swift; sourceTree = "<group>"; };
		967E24D12944809200784BBA /* StoryBoardPostUITestsLaunchTests.swift */ = {isa = PBXFileReference; lastKnownFileType = sourcecode.swift; path = StoryBoardPostUITestsLaunchTests.swift; sourceTree = "<group>"; };
		967E24E22944822C00784BBA /* HomeViewController.swift */ = {isa = PBXFileReference; lastKnownFileType = sourcecode.swift; path = HomeViewController.swift; sourceTree = "<group>"; };
		967E24E32944822C00784BBA /* HomeViewController.xib */ = {isa = PBXFileReference; lastKnownFileType = file.xib; path = HomeViewController.xib; sourceTree = "<group>"; };
		967E24E6294488ED00784BBA /* CreateViewController.swift */ = {isa = PBXFileReference; lastKnownFileType = sourcecode.swift; path = CreateViewController.swift; sourceTree = "<group>"; };
		967E24E7294488ED00784BBA /* CreateViewController.xib */ = {isa = PBXFileReference; lastKnownFileType = file.xib; path = CreateViewController.xib; sourceTree = "<group>"; };
		967E24EA294488F800784BBA /* EditViewController.swift */ = {isa = PBXFileReference; lastKnownFileType = sourcecode.swift; path = EditViewController.swift; sourceTree = "<group>"; };
		967E24EB294488F800784BBA /* EditViewController.xib */ = {isa = PBXFileReference; lastKnownFileType = file.xib; path = EditViewController.xib; sourceTree = "<group>"; };
		967E24EE294489CC00784BBA /* BaseViewController.swift */ = {isa = PBXFileReference; lastKnownFileType = sourcecode.swift; path = BaseViewController.swift; sourceTree = "<group>"; };
		967E24F029448C2600784BBA /* Post.swift */ = {isa = PBXFileReference; lastKnownFileType = sourcecode.swift; path = Post.swift; sourceTree = "<group>"; };
		967E24F229448F0400784BBA /* PostTableViewCell.swift */ = {isa = PBXFileReference; lastKnownFileType = sourcecode.swift; path = PostTableViewCell.swift; sourceTree = "<group>"; };
		967E24F329448F0400784BBA /* PostTableViewCell.xib */ = {isa = PBXFileReference; lastKnownFileType = file.xib; path = PostTableViewCell.xib; sourceTree = "<group>"; };
		9699B9D72945DEB10097F1CB /* Network.swift */ = {isa = PBXFileReference; lastKnownFileType = sourcecode.swift; path = Network.swift; sourceTree = "<group>"; };
		A8287C3EE413BC839785E070 /* Pods-StoryBoardPost.release.xcconfig */ = {isa = PBXFileReference; includeInIndex = 1; lastKnownFileType = text.xcconfig; name = "Pods-StoryBoardPost.release.xcconfig"; path = "Target Support Files/Pods-StoryBoardPost/Pods-StoryBoardPost.release.xcconfig"; sourceTree = "<group>"; };
		B41DDECB75DF9C9E667B0151 /* Pods-StoryBoardPost.debug.xcconfig */ = {isa = PBXFileReference; includeInIndex = 1; lastKnownFileType = text.xcconfig; name = "Pods-StoryBoardPost.debug.xcconfig"; path = "Target Support Files/Pods-StoryBoardPost/Pods-StoryBoardPost.debug.xcconfig"; sourceTree = "<group>"; };
		C7916EFBF68CDEE829F312C0 /* Pods-StoryBoardPost-StoryBoardPostUITests.debug.xcconfig */ = {isa = PBXFileReference; includeInIndex = 1; lastKnownFileType = text.xcconfig; name = "Pods-StoryBoardPost-StoryBoardPostUITests.debug.xcconfig"; path = "Target Support Files/Pods-StoryBoardPost-StoryBoardPostUITests/Pods-StoryBoardPost-StoryBoardPostUITests.debug.xcconfig"; sourceTree = "<group>"; };
		E117A5E6204EEA6593BF221D /* Pods_StoryBoardPostTests.framework */ = {isa = PBXFileReference; explicitFileType = wrapper.framework; includeInIndex = 0; path = Pods_StoryBoardPostTests.framework; sourceTree = BUILT_PRODUCTS_DIR; };
/* End PBXFileReference section */

/* Begin PBXFrameworksBuildPhase section */
		967E24A82944808E00784BBA /* Frameworks */ = {
			isa = PBXFrameworksBuildPhase;
			buildActionMask = 2147483647;
			files = (
				30DFA2C6EABFD2CFB33647DF /* Pods_StoryBoardPost.framework in Frameworks */,
			);
			runOnlyForDeploymentPostprocessing = 0;
		};
		967E24BE2944809200784BBA /* Frameworks */ = {
			isa = PBXFrameworksBuildPhase;
			buildActionMask = 2147483647;
			files = (
				C8A5487A066112FFBFAD6CB3 /* Pods_StoryBoardPostTests.framework in Frameworks */,
			);
			runOnlyForDeploymentPostprocessing = 0;
		};
		967E24C82944809200784BBA /* Frameworks */ = {
			isa = PBXFrameworksBuildPhase;
			buildActionMask = 2147483647;
			files = (
				92D06DC219D35451211C3F52 /* Pods_StoryBoardPost_StoryBoardPostUITests.framework in Frameworks */,
			);
			runOnlyForDeploymentPostprocessing = 0;
		};
/* End PBXFrameworksBuildPhase section */

/* Begin PBXGroup section */
		40BDDDF3F0497489DD4AA494 /* Frameworks */ = {
			isa = PBXGroup;
			children = (
				6CF278DEBDD1B2DAE89B61B4 /* Pods_StoryBoardPost.framework */,
				1C5FF0D1815E1AD7FD394363 /* Pods_StoryBoardPost_StoryBoardPostUITests.framework */,
				E117A5E6204EEA6593BF221D /* Pods_StoryBoardPostTests.framework */,
			);
			name = Frameworks;
			sourceTree = "<group>";
		};
		967E24A22944808E00784BBA = {
			isa = PBXGroup;
			children = (
				967E24AD2944808E00784BBA /* StoryBoardPost */,
				967E24C42944809200784BBA /* StoryBoardPostTests */,
				967E24CE2944809200784BBA /* StoryBoardPostUITests */,
				967E24AC2944808E00784BBA /* Products */,
				D2EDF6064D0B4F178C2082A6 /* Pods */,
				40BDDDF3F0497489DD4AA494 /* Frameworks */,
			);
			sourceTree = "<group>";
		};
		967E24AC2944808E00784BBA /* Products */ = {
			isa = PBXGroup;
			children = (
				967E24AB2944808E00784BBA /* StoryBoardPost.app */,
				967E24C12944809200784BBA /* StoryBoardPostTests.xctest */,
				967E24CB2944809200784BBA /* StoryBoardPostUITests.xctest */,
			);
			name = Products;
			sourceTree = "<group>";
		};
		967E24AD2944808E00784BBA /* StoryBoardPost */ = {
			isa = PBXGroup;
			children = (
				9699B9D62945DEA00097F1CB /* networking */,
				967E24E1294481E000784BBA /* apputils */,
				967E24E0294481D800784BBA /* cells */,
				967E24DF294481D100784BBA /* model */,
				967E24DE294481C900784BBA /* Controller */,
				967E24B02944808E00784BBA /* SceneDelegate.swift */,
				967E24AE2944808E00784BBA /* AppDelegate.swift */,
				967E24BC2944809100784BBA /* Info.plist */,
			);
			path = StoryBoardPost;
			sourceTree = "<group>";
		};
		967E24C42944809200784BBA /* StoryBoardPostTests */ = {
			isa = PBXGroup;
			children = (
				967E24C52944809200784BBA /* StoryBoardPostTests.swift */,
			);
			path = StoryBoardPostTests;
			sourceTree = "<group>";
		};
		967E24CE2944809200784BBA /* StoryBoardPostUITests */ = {
			isa = PBXGroup;
			children = (
				967E24CF2944809200784BBA /* StoryBoardPostUITests.swift */,
				967E24D12944809200784BBA /* StoryBoardPostUITestsLaunchTests.swift */,
			);
			path = StoryBoardPostUITests;
			sourceTree = "<group>";
		};
		967E24DE294481C900784BBA /* Controller */ = {
			isa = PBXGroup;
			children = (
				967E24EE294489CC00784BBA /* BaseViewController.swift */,
				967E24E22944822C00784BBA /* HomeViewController.swift */,
				967E24E32944822C00784BBA /* HomeViewController.xib */,
				9699B9D9294608480097F1CB /* Edit */,
				9699B9DA2946085C0097F1CB /* Create */,
			);
			path = Controller;
			sourceTree = "<group>";
		};
		967E24DF294481D100784BBA /* model */ = {
			isa = PBXGroup;
			children = (
				967E24F029448C2600784BBA /* Post.swift */,
			);
			path = model;
			sourceTree = "<group>";
		};
		967E24E0294481D800784BBA /* cells */ = {
			isa = PBXGroup;
			children = (
				967E24F229448F0400784BBA /* PostTableViewCell.swift */,
				967E24F329448F0400784BBA /* PostTableViewCell.xib */,
			);
			path = cells;
			sourceTree = "<group>";
		};
		967E24E1294481E000784BBA /* apputils */ = {
			isa = PBXGroup;
			children = (
				967E24B42944808E00784BBA /* Main.storyboard */,
				967E24B72944809100784BBA /* Assets.xcassets */,
				967E24B92944809100784BBA /* LaunchScreen.storyboard */,
			);
			path = apputils;
			sourceTree = "<group>";
		};
		9699B9D62945DEA00097F1CB /* networking */ = {
			isa = PBXGroup;
			children = (
				9699B9D72945DEB10097F1CB /* Network.swift */,
			);
			path = networking;
			sourceTree = "<group>";
		};
		9699B9D9294608480097F1CB /* Edit */ = {
			isa = PBXGroup;
			children = (
				967E24EA294488F800784BBA /* EditViewController.swift */,
				967E24EB294488F800784BBA /* EditViewController.xib */,
			);
			path = Edit;
			sourceTree = "<group>";
		};
		9699B9DA2946085C0097F1CB /* Create */ = {
			isa = PBXGroup;
			children = (
				967E24E6294488ED00784BBA /* CreateViewController.swift */,
				967E24E7294488ED00784BBA /* CreateViewController.xib */,
			);
			path = Create;
			sourceTree = "<group>";
		};
		D2EDF6064D0B4F178C2082A6 /* Pods */ = {
			isa = PBXGroup;
			children = (
				B41DDECB75DF9C9E667B0151 /* Pods-StoryBoardPost.debug.xcconfig */,
				A8287C3EE413BC839785E070 /* Pods-StoryBoardPost.release.xcconfig */,
				C7916EFBF68CDEE829F312C0 /* Pods-StoryBoardPost-StoryBoardPostUITests.debug.xcconfig */,
				75EF5AB51227DF2525976137 /* Pods-StoryBoardPost-StoryBoardPostUITests.release.xcconfig */,
				103796A623DE9F34AAA34B3A /* Pods-StoryBoardPostTests.debug.xcconfig */,
				35E17EDD5C9EF1152B58B4DC /* Pods-StoryBoardPostTests.release.xcconfig */,
			);
			path = Pods;
			sourceTree = "<group>";
		};
/* End PBXGroup section */

/* Begin PBXNativeTarget section */
		967E24AA2944808E00784BBA /* StoryBoardPost */ = {
			isa = PBXNativeTarget;
			buildConfigurationList = 967E24D52944809200784BBA /* Build configuration list for PBXNativeTarget "StoryBoardPost" */;
			buildPhases = (
				68E2ED3EE31D9741B1B154D7 /* [CP] Check Pods Manifest.lock */,
				967E24A72944808E00784BBA /* Sources */,
				967E24A82944808E00784BBA /* Frameworks */,
				967E24A92944808E00784BBA /* Resources */,
				C0919E399E461D2028D883A5 /* [CP] Embed Pods Frameworks */,
			);
			buildRules = (
			);
			dependencies = (
			);
			name = StoryBoardPost;
			productName = StoryBoardPost;
			productReference = 967E24AB2944808E00784BBA /* StoryBoardPost.app */;
			productType = "com.apple.product-type.application";
		};
		967E24C02944809200784BBA /* StoryBoardPostTests */ = {
			isa = PBXNativeTarget;
			buildConfigurationList = 967E24D82944809200784BBA /* Build configuration list for PBXNativeTarget "StoryBoardPostTests" */;
			buildPhases = (
				7F759B81698CE00CDD7902A5 /* [CP] Check Pods Manifest.lock */,
				967E24BD2944809200784BBA /* Sources */,
				967E24BE2944809200784BBA /* Frameworks */,
				967E24BF2944809200784BBA /* Resources */,
			);
			buildRules = (
			);
			dependencies = (
				967E24C32944809200784BBA /* PBXTargetDependency */,
			);
			name = StoryBoardPostTests;
			productName = StoryBoardPostTests;
			productReference = 967E24C12944809200784BBA /* StoryBoardPostTests.xctest */;
			productType = "com.apple.product-type.bundle.unit-test";
		};
		967E24CA2944809200784BBA /* StoryBoardPostUITests */ = {
			isa = PBXNativeTarget;
			buildConfigurationList = 967E24DB2944809200784BBA /* Build configuration list for PBXNativeTarget "StoryBoardPostUITests" */;
			buildPhases = (
				667AB97BBBF0E6CFCE4ED55C /* [CP] Check Pods Manifest.lock */,
				967E24C72944809200784BBA /* Sources */,
				967E24C82944809200784BBA /* Frameworks */,
				967E24C92944809200784BBA /* Resources */,
				5D3441B441511B6F61D10B02 /* [CP] Embed Pods Frameworks */,
			);
			buildRules = (
			);
			dependencies = (
				967E24CD2944809200784BBA /* PBXTargetDependency */,
			);
			name = StoryBoardPostUITests;
			productName = StoryBoardPostUITests;
			productReference = 967E24CB2944809200784BBA /* StoryBoardPostUITests.xctest */;
			productType = "com.apple.product-type.bundle.ui-testing";
		};
/* End PBXNativeTarget section */

/* Begin PBXProject section */
		967E24A32944808E00784BBA /* Project object */ = {
			isa = PBXProject;
			attributes = {
				BuildIndependentTargetsInParallel = 1;
				LastSwiftUpdateCheck = 1410;
				LastUpgradeCheck = 1410;
				TargetAttributes = {
					967E24AA2944808E00784BBA = {
						CreatedOnToolsVersion = 14.1;
					};
					967E24C02944809200784BBA = {
						CreatedOnToolsVersion = 14.1;
						TestTargetID = 967E24AA2944808E00784BBA;
					};
					967E24CA2944809200784BBA = {
						CreatedOnToolsVersion = 14.1;
						TestTargetID = 967E24AA2944808E00784BBA;
					};
				};
			};
			buildConfigurationList = 967E24A62944808E00784BBA /* Build configuration list for PBXProject "StoryBoardPost" */;
			compatibilityVersion = "Xcode 14.0";
			developmentRegion = en;
			hasScannedForEncodings = 0;
			knownRegions = (
				en,
				Base,
			);
			mainGroup = 967E24A22944808E00784BBA;
			productRefGroup = 967E24AC2944808E00784BBA /* Products */;
			projectDirPath = "";
			projectRoot = "";
			targets = (
				967E24AA2944808E00784BBA /* StoryBoardPost */,
				967E24C02944809200784BBA /* StoryBoardPostTests */,
				967E24CA2944809200784BBA /* StoryBoardPostUITests */,
			);
		};
/* End PBXProject section */

/* Begin PBXResourcesBuildPhase section */
		967E24A92944808E00784BBA /* Resources */ = {
			isa = PBXResourcesBuildPhase;
			buildActionMask = 2147483647;
			files = (
				967E24ED294488F800784BBA /* EditViewController.xib in Resources */,
				967E24BB2944809100784BBA /* LaunchScreen.storyboard in Resources */,
				967E24E9294488ED00784BBA /* CreateViewController.xib in Resources */,
				967E24B82944809100784BBA /* Assets.xcassets in Resources */,
				967E24F529448F0400784BBA /* PostTableViewCell.xib in Resources */,
				967E24B62944808E00784BBA /* Main.storyboard in Resources */,
				967E24E52944822C00784BBA /* HomeViewController.xib in Resources */,
			);
			runOnlyForDeploymentPostprocessing = 0;
		};
		967E24BF2944809200784BBA /* Resources */ = {
			isa = PBXResourcesBuildPhase;
			buildActionMask = 2147483647;
			files = (
			);
			runOnlyForDeploymentPostprocessing = 0;
		};
		967E24C92944809200784BBA /* Resources */ = {
			isa = PBXResourcesBuildPhase;
			buildActionMask = 2147483647;
			files = (
			);
			runOnlyForDeploymentPostprocessing = 0;
		};
/* End PBXResourcesBuildPhase section */

/* Begin PBXShellScriptBuildPhase section */
		5D3441B441511B6F61D10B02 /* [CP] Embed Pods Frameworks */ = {
			isa = PBXShellScriptBuildPhase;
			buildActionMask = 2147483647;
			files = (
			);
			inputFileListPaths = (
				"${PODS_ROOT}/Target Support Files/Pods-StoryBoardPost-StoryBoardPostUITests/Pods-StoryBoardPost-StoryBoardPostUITests-frameworks-${CONFIGURATION}-input-files.xcfilelist",
			);
			name = "[CP] Embed Pods Frameworks";
			outputFileListPaths = (
				"${PODS_ROOT}/Target Support Files/Pods-StoryBoardPost-StoryBoardPostUITests/Pods-StoryBoardPost-StoryBoardPostUITests-frameworks-${CONFIGURATION}-output-files.xcfilelist",
			);
			runOnlyForDeploymentPostprocessing = 0;
			shellPath = /bin/sh;
			shellScript = "\"${PODS_ROOT}/Target Support Files/Pods-StoryBoardPost-StoryBoardPostUITests/Pods-StoryBoardPost-StoryBoardPostUITests-frameworks.sh\"\n";
			showEnvVarsInLog = 0;
		};
		667AB97BBBF0E6CFCE4ED55C /* [CP] Check Pods Manifest.lock */ = {
			isa = PBXShellScriptBuildPhase;
			buildActionMask = 2147483647;
			files = (
			);
			inputFileListPaths = (
			);
			inputPaths = (
				"${PODS_PODFILE_DIR_PATH}/Podfile.lock",
				"${PODS_ROOT}/Manifest.lock",
			);
			name = "[CP] Check Pods Manifest.lock";
			outputFileListPaths = (
			);
			outputPaths = (
				"$(DERIVED_FILE_DIR)/Pods-StoryBoardPost-StoryBoardPostUITests-checkManifestLockResult.txt",
			);
			runOnlyForDeploymentPostprocessing = 0;
			shellPath = /bin/sh;
			shellScript = "diff \"${PODS_PODFILE_DIR_PATH}/Podfile.lock\" \"${PODS_ROOT}/Manifest.lock\" > /dev/null\nif [ $? != 0 ] ; then\n    # print error to STDERR\n    echo \"error: The sandbox is not in sync with the Podfile.lock. Run 'pod install' or update your CocoaPods installation.\" >&2\n    exit 1\nfi\n# This output is used by Xcode 'outputs' to avoid re-running this script phase.\necho \"SUCCESS\" > \"${SCRIPT_OUTPUT_FILE_0}\"\n";
			showEnvVarsInLog = 0;
		};
		68E2ED3EE31D9741B1B154D7 /* [CP] Check Pods Manifest.lock */ = {
			isa = PBXShellScriptBuildPhase;
			buildActionMask = 2147483647;
			files = (
			);
			inputFileListPaths = (
			);
			inputPaths = (
				"${PODS_PODFILE_DIR_PATH}/Podfile.lock",
				"${PODS_ROOT}/Manifest.lock",
			);
			name = "[CP] Check Pods Manifest.lock";
			outputFileListPaths = (
			);
			outputPaths = (
				"$(DERIVED_FILE_DIR)/Pods-StoryBoardPost-checkManifestLockResult.txt",
			);
			runOnlyForDeploymentPostprocessing = 0;
			shellPath = /bin/sh;
			shellScript = "diff \"${PODS_PODFILE_DIR_PATH}/Podfile.lock\" \"${PODS_ROOT}/Manifest.lock\" > /dev/null\nif [ $? != 0 ] ; then\n    # print error to STDERR\n    echo \"error: The sandbox is not in sync with the Podfile.lock. Run 'pod install' or update your CocoaPods installation.\" >&2\n    exit 1\nfi\n# This output is used by Xcode 'outputs' to avoid re-running this script phase.\necho \"SUCCESS\" > \"${SCRIPT_OUTPUT_FILE_0}\"\n";
			showEnvVarsInLog = 0;
		};
		7F759B81698CE00CDD7902A5 /* [CP] Check Pods Manifest.lock */ = {
			isa = PBXShellScriptBuildPhase;
			buildActionMask = 2147483647;
			files = (
			);
			inputFileListPaths = (
			);
			inputPaths = (
				"${PODS_PODFILE_DIR_PATH}/Podfile.lock",
				"${PODS_ROOT}/Manifest.lock",
			);
			name = "[CP] Check Pods Manifest.lock";
			outputFileListPaths = (
			);
			outputPaths = (
				"$(DERIVED_FILE_DIR)/Pods-StoryBoardPostTests-checkManifestLockResult.txt",
			);
			runOnlyForDeploymentPostprocessing = 0;
			shellPath = /bin/sh;
			shellScript = "diff \"${PODS_PODFILE_DIR_PATH}/Podfile.lock\" \"${PODS_ROOT}/Manifest.lock\" > /dev/null\nif [ $? != 0 ] ; then\n    # print error to STDERR\n    echo \"error: The sandbox is not in sync with the Podfile.lock. Run 'pod install' or update your CocoaPods installation.\" >&2\n    exit 1\nfi\n# This output is used by Xcode 'outputs' to avoid re-running this script phase.\necho \"SUCCESS\" > \"${SCRIPT_OUTPUT_FILE_0}\"\n";
			showEnvVarsInLog = 0;
		};
		C0919E399E461D2028D883A5 /* [CP] Embed Pods Frameworks */ = {
			isa = PBXShellScriptBuildPhase;
			buildActionMask = 2147483647;
			files = (
			);
			inputFileListPaths = (
				"${PODS_ROOT}/Target Support Files/Pods-StoryBoardPost/Pods-StoryBoardPost-frameworks-${CONFIGURATION}-input-files.xcfilelist",
			);
			name = "[CP] Embed Pods Frameworks";
			outputFileListPaths = (
				"${PODS_ROOT}/Target Support Files/Pods-StoryBoardPost/Pods-StoryBoardPost-frameworks-${CONFIGURATION}-output-files.xcfilelist",
			);
			runOnlyForDeploymentPostprocessing = 0;
			shellPath = /bin/sh;
			shellScript = "\"${PODS_ROOT}/Target Support Files/Pods-StoryBoardPost/Pods-StoryBoardPost-frameworks.sh\"\n";
			showEnvVarsInLog = 0;
		};
/* End PBXShellScriptBuildPhase section */

/* Begin PBXSourcesBuildPhase section */
		967E24A72944808E00784BBA /* Sources */ = {
			isa = PBXSourcesBuildPhase;
			buildActionMask = 2147483647;
			files = (
				967E24EC294488F800784BBA /* EditViewController.swift in Sources */,
				967E24E8294488ED00784BBA /* CreateViewController.swift in Sources */,
				967E24AF2944808E00784BBA /* AppDelegate.swift in Sources */,
				967E24F429448F0400784BBA /* PostTableViewCell.swift in Sources */,
				967E24B12944808E00784BBA /* SceneDelegate.swift in Sources */,
				9699B9D82945DEB10097F1CB /* Network.swift in Sources */,
				967E24E42944822C00784BBA /* HomeViewController.swift in Sources */,
				967E24F129448C2600784BBA /* Post.swift in Sources */,
				967E24EF294489CC00784BBA /* BaseViewController.swift in Sources */,
			);
			runOnlyForDeploymentPostprocessing = 0;
		};
		967E24BD2944809200784BBA /* Sources */ = {
			isa = PBXSourcesBuildPhase;
			buildActionMask = 2147483647;
			files = (
				967E24C62944809200784BBA /* StoryBoardPostTests.swift in Sources */,
			);
			runOnlyForDeploymentPostprocessing = 0;
		};
		967E24C72944809200784BBA /* Sources */ = {
			isa = PBXSourcesBuildPhase;
			buildActionMask = 2147483647;
			files = (
				967E24D02944809200784BBA /* StoryBoardPostUITests.swift in Sources */,
				967E24D22944809200784BBA /* StoryBoardPostUITestsLaunchTests.swift in Sources */,
			);
			runOnlyForDeploymentPostprocessing = 0;
		};
/* End PBXSourcesBuildPhase section */

/* Begin PBXTargetDependency section */
		967E24C32944809200784BBA /* PBXTargetDependency */ = {
			isa = PBXTargetDependency;
			target = 967E24AA2944808E00784BBA /* StoryBoardPost */;
			targetProxy = 967E24C22944809200784BBA /* PBXContainerItemProxy */;
		};
		967E24CD2944809200784BBA /* PBXTargetDependency */ = {
			isa = PBXTargetDependency;
			target = 967E24AA2944808E00784BBA /* StoryBoardPost */;
			targetProxy = 967E24CC2944809200784BBA /* PBXContainerItemProxy */;
		};
/* End PBXTargetDependency section */

/* Begin PBXVariantGroup section */
		967E24B42944808E00784BBA /* Main.storyboard */ = {
			isa = PBXVariantGroup;
			children = (
				967E24B52944808E00784BBA /* Base */,
			);
			name = Main.storyboard;
			sourceTree = "<group>";
		};
		967E24B92944809100784BBA /* LaunchScreen.storyboard */ = {
			isa = PBXVariantGroup;
			children = (
				967E24BA2944809100784BBA /* Base */,
			);
			name = LaunchScreen.storyboard;
			sourceTree = "<group>";
		};
/* End PBXVariantGroup section */

/* Begin XCBuildConfiguration section */
		967E24D32944809200784BBA /* Debug */ = {
			isa = XCBuildConfiguration;
			buildSettings = {
				ALWAYS_SEARCH_USER_PATHS = NO;
				CLANG_ANALYZER_NONNULL = YES;
				CLANG_ANALYZER_NUMBER_OBJECT_CONVERSION = YES_AGGRESSIVE;
				CLANG_CXX_LANGUAGE_STANDARD = "gnu++20";
				CLANG_ENABLE_MODULES = YES;
				CLANG_ENABLE_OBJC_ARC = YES;
				CLANG_ENABLE_OBJC_WEAK = YES;
				CLANG_WARN_BLOCK_CAPTURE_AUTORELEASING = YES;
				CLANG_WARN_BOOL_CONVERSION = YES;
				CLANG_WARN_COMMA = YES;
				CLANG_WARN_CONSTANT_CONVERSION = YES;
				CLANG_WARN_DEPRECATED_OBJC_IMPLEMENTATIONS = YES;
				CLANG_WARN_DIRECT_OBJC_ISA_USAGE = YES_ERROR;
				CLANG_WARN_DOCUMENTATION_COMMENTS = YES;
				CLANG_WARN_EMPTY_BODY = YES;
				CLANG_WARN_ENUM_CONVERSION = YES;
				CLANG_WARN_INFINITE_RECURSION = YES;
				CLANG_WARN_INT_CONVERSION = YES;
				CLANG_WARN_NON_LITERAL_NULL_CONVERSION = YES;
				CLANG_WARN_OBJC_IMPLICIT_RETAIN_SELF = YES;
				CLANG_WARN_OBJC_LITERAL_CONVERSION = YES;
				CLANG_WARN_OBJC_ROOT_CLASS = YES_ERROR;
				CLANG_WARN_QUOTED_INCLUDE_IN_FRAMEWORK_HEADER = YES;
				CLANG_WARN_RANGE_LOOP_ANALYSIS = YES;
				CLANG_WARN_STRICT_PROTOTYPES = YES;
				CLANG_WARN_SUSPICIOUS_MOVE = YES;
				CLANG_WARN_UNGUARDED_AVAILABILITY = YES_AGGRESSIVE;
				CLANG_WARN_UNREACHABLE_CODE = YES;
				CLANG_WARN__DUPLICATE_METHOD_MATCH = YES;
				COPY_PHASE_STRIP = NO;
				DEBUG_INFORMATION_FORMAT = dwarf;
				ENABLE_STRICT_OBJC_MSGSEND = YES;
				ENABLE_TESTABILITY = YES;
				GCC_C_LANGUAGE_STANDARD = gnu11;
				GCC_DYNAMIC_NO_PIC = NO;
				GCC_NO_COMMON_BLOCKS = YES;
				GCC_OPTIMIZATION_LEVEL = 0;
				GCC_PREPROCESSOR_DEFINITIONS = (
					"DEBUG=1",
					"$(inherited)",
				);
				GCC_WARN_64_TO_32_BIT_CONVERSION = YES;
				GCC_WARN_ABOUT_RETURN_TYPE = YES_ERROR;
				GCC_WARN_UNDECLARED_SELECTOR = YES;
				GCC_WARN_UNINITIALIZED_AUTOS = YES_AGGRESSIVE;
				GCC_WARN_UNUSED_FUNCTION = YES;
				GCC_WARN_UNUSED_VARIABLE = YES;
				IPHONEOS_DEPLOYMENT_TARGET = 16.1;
				MTL_ENABLE_DEBUG_INFO = INCLUDE_SOURCE;
				MTL_FAST_MATH = YES;
				ONLY_ACTIVE_ARCH = YES;
				SDKROOT = iphoneos;
				SWIFT_ACTIVE_COMPILATION_CONDITIONS = DEBUG;
				SWIFT_OPTIMIZATION_LEVEL = "-Onone";
			};
			name = Debug;
		};
		967E24D42944809200784BBA /* Release */ = {
			isa = XCBuildConfiguration;
			buildSettings = {
				ALWAYS_SEARCH_USER_PATHS = NO;
				CLANG_ANALYZER_NONNULL = YES;
				CLANG_ANALYZER_NUMBER_OBJECT_CONVERSION = YES_AGGRESSIVE;
				CLANG_CXX_LANGUAGE_STANDARD = "gnu++20";
				CLANG_ENABLE_MODULES = YES;
				CLANG_ENABLE_OBJC_ARC = YES;
				CLANG_ENABLE_OBJC_WEAK = YES;
				CLANG_WARN_BLOCK_CAPTURE_AUTORELEASING = YES;
				CLANG_WARN_BOOL_CONVERSION = YES;
				CLANG_WARN_COMMA = YES;
				CLANG_WARN_CONSTANT_CONVERSION = YES;
				CLANG_WARN_DEPRECATED_OBJC_IMPLEMENTATIONS = YES;
				CLANG_WARN_DIRECT_OBJC_ISA_USAGE = YES_ERROR;
				CLANG_WARN_DOCUMENTATION_COMMENTS = YES;
				CLANG_WARN_EMPTY_BODY = YES;
				CLANG_WARN_ENUM_CONVERSION = YES;
				CLANG_WARN_INFINITE_RECURSION = YES;
				CLANG_WARN_INT_CONVERSION = YES;
				CLANG_WARN_NON_LITERAL_NULL_CONVERSION = YES;
				CLANG_WARN_OBJC_IMPLICIT_RETAIN_SELF = YES;
				CLANG_WARN_OBJC_LITERAL_CONVERSION = YES;
				CLANG_WARN_OBJC_ROOT_CLASS = YES_ERROR;
				CLANG_WARN_QUOTED_INCLUDE_IN_FRAMEWORK_HEADER = YES;
				CLANG_WARN_RANGE_LOOP_ANALYSIS = YES;
				CLANG_WARN_STRICT_PROTOTYPES = YES;
				CLANG_WARN_SUSPICIOUS_MOVE = YES;
				CLANG_WARN_UNGUARDED_AVAILABILITY = YES_AGGRESSIVE;
				CLANG_WARN_UNREACHABLE_CODE = YES;
				CLANG_WARN__DUPLICATE_METHOD_MATCH = YES;
				COPY_PHASE_STRIP = NO;
				DEBUG_INFORMATION_FORMAT = "dwarf-with-dsym";
				ENABLE_NS_ASSERTIONS = NO;
				ENABLE_STRICT_OBJC_MSGSEND = YES;
				GCC_C_LANGUAGE_STANDARD = gnu11;
				GCC_NO_COMMON_BLOCKS = YES;
				GCC_WARN_64_TO_32_BIT_CONVERSION = YES;
				GCC_WARN_ABOUT_RETURN_TYPE = YES_ERROR;
				GCC_WARN_UNDECLARED_SELECTOR = YES;
				GCC_WARN_UNINITIALIZED_AUTOS = YES_AGGRESSIVE;
				GCC_WARN_UNUSED_FUNCTION = YES;
				GCC_WARN_UNUSED_VARIABLE = YES;
				IPHONEOS_DEPLOYMENT_TARGET = 16.1;
				MTL_ENABLE_DEBUG_INFO = NO;
				MTL_FAST_MATH = YES;
				SDKROOT = iphoneos;
				SWIFT_COMPILATION_MODE = wholemodule;
				SWIFT_OPTIMIZATION_LEVEL = "-O";
				VALIDATE_PRODUCT = YES;
			};
			name = Release;
		};
		967E24D62944809200784BBA /* Debug */ = {
			isa = XCBuildConfiguration;
			baseConfigurationReference = B41DDECB75DF9C9E667B0151 /* Pods-StoryBoardPost.debug.xcconfig */;
			buildSettings = {
				ASSETCATALOG_COMPILER_APPICON_NAME = AppIcon;
				ASSETCATALOG_COMPILER_GLOBAL_ACCENT_COLOR_NAME = AccentColor;
				CODE_SIGN_STYLE = Automatic;
				CURRENT_PROJECT_VERSION = 1;
				GENERATE_INFOPLIST_FILE = YES;
				INFOPLIST_FILE = StoryBoardPost/Info.plist;
				INFOPLIST_KEY_UIApplicationSupportsIndirectInputEvents = YES;
				INFOPLIST_KEY_UILaunchStoryboardName = LaunchScreen;
				INFOPLIST_KEY_UIMainStoryboardFile = Main;
				INFOPLIST_KEY_UISupportedInterfaceOrientations_iPad = "UIInterfaceOrientationPortrait UIInterfaceOrientationPortraitUpsideDown UIInterfaceOrientationLandscapeLeft UIInterfaceOrientationLandscapeRight";
				INFOPLIST_KEY_UISupportedInterfaceOrientations_iPhone = "UIInterfaceOrientationPortrait UIInterfaceOrientationLandscapeLeft UIInterfaceOrientationLandscapeRight";
				LD_RUNPATH_SEARCH_PATHS = (
					"$(inherited)",
					"@executable_path/Frameworks",
				);
				MARKETING_VERSION = 1.0;
				PRODUCT_BUNDLE_IDENTIFIER = Mysolt.StoryBoardPost;
				PRODUCT_NAME = "$(TARGET_NAME)";
				SWIFT_EMIT_LOC_STRINGS = YES;
				SWIFT_VERSION = 5.0;
				TARGETED_DEVICE_FAMILY = "1,2";
			};
			name = Debug;
		};
		967E24D72944809200784BBA /* Release */ = {
			isa = XCBuildConfiguration;
			baseConfigurationReference = A8287C3EE413BC839785E070 /* Pods-StoryBoardPost.release.xcconfig */;
			buildSettings = {
				ASSETCATALOG_COMPILER_APPICON_NAME = AppIcon;
				ASSETCATALOG_COMPILER_GLOBAL_ACCENT_COLOR_NAME = AccentColor;
				CODE_SIGN_STYLE = Automatic;
				CURRENT_PROJECT_VERSION = 1;
				GENERATE_INFOPLIST_FILE = YES;
				INFOPLIST_FILE = StoryBoardPost/Info.plist;
				INFOPLIST_KEY_UIApplicationSupportsIndirectInputEvents = YES;
				INFOPLIST_KEY_UILaunchStoryboardName = LaunchScreen;
				INFOPLIST_KEY_UIMainStoryboardFile = Main;
				INFOPLIST_KEY_UISupportedInterfaceOrientations_iPad = "UIInterfaceOrientationPortrait UIInterfaceOrientationPortraitUpsideDown UIInterfaceOrientationLandscapeLeft UIInterfaceOrientationLandscapeRight";
				INFOPLIST_KEY_UISupportedInterfaceOrientations_iPhone = "UIInterfaceOrientationPortrait UIInterfaceOrientationLandscapeLeft UIInterfaceOrientationLandscapeRight";
				LD_RUNPATH_SEARCH_PATHS = (
					"$(inherited)",
					"@executable_path/Frameworks",
				);
				MARKETING_VERSION = 1.0;
				PRODUCT_BUNDLE_IDENTIFIER = Mysolt.StoryBoardPost;
				PRODUCT_NAME = "$(TARGET_NAME)";
				SWIFT_EMIT_LOC_STRINGS = YES;
				SWIFT_VERSION = 5.0;
				TARGETED_DEVICE_FAMILY = "1,2";
			};
			name = Release;
		};
		967E24D92944809200784BBA /* Debug */ = {
			isa = XCBuildConfiguration;
			baseConfigurationReference = 103796A623DE9F34AAA34B3A /* Pods-StoryBoardPostTests.debug.xcconfig */;
			buildSettings = {
				ALWAYS_EMBED_SWIFT_STANDARD_LIBRARIES = YES;
				BUNDLE_LOADER = "$(TEST_HOST)";
				CODE_SIGN_STYLE = Automatic;
				CURRENT_PROJECT_VERSION = 1;
				GENERATE_INFOPLIST_FILE = YES;
				IPHONEOS_DEPLOYMENT_TARGET = 16.1;
				MARKETING_VERSION = 1.0;
				PRODUCT_BUNDLE_IDENTIFIER = Mysolt.StoryBoardPostTests;
				PRODUCT_NAME = "$(TARGET_NAME)";
				SWIFT_EMIT_LOC_STRINGS = NO;
				SWIFT_VERSION = 5.0;
				TARGETED_DEVICE_FAMILY = "1,2";
				TEST_HOST = "$(BUILT_PRODUCTS_DIR)/StoryBoardPost.app/$(BUNDLE_EXECUTABLE_FOLDER_PATH)/StoryBoardPost";
			};
			name = Debug;
		};
		967E24DA2944809200784BBA /* Release */ = {
			isa = XCBuildConfiguration;
			baseConfigurationReference = 35E17EDD5C9EF1152B58B4DC /* Pods-StoryBoardPostTests.release.xcconfig */;
			buildSettings = {
				ALWAYS_EMBED_SWIFT_STANDARD_LIBRARIES = YES;
				BUNDLE_LOADER = "$(TEST_HOST)";
				CODE_SIGN_STYLE = Automatic;
				CURRENT_PROJECT_VERSION = 1;
				GENERATE_INFOPLIST_FILE = YES;
				IPHONEOS_DEPLOYMENT_TARGET = 16.1;
				MARKETING_VERSION = 1.0;
				PRODUCT_BUNDLE_IDENTIFIER = Mysolt.StoryBoardPostTests;
				PRODUCT_NAME = "$(TARGET_NAME)";
				SWIFT_EMIT_LOC_STRINGS = NO;
				SWIFT_VERSION = 5.0;
				TARGETED_DEVICE_FAMILY = "1,2";
				TEST_HOST = "$(BUILT_PRODUCTS_DIR)/StoryBoardPost.app/$(BUNDLE_EXECUTABLE_FOLDER_PATH)/StoryBoardPost";
			};
			name = Release;
		};
		967E24DC2944809200784BBA /* Debug */ = {
			isa = XCBuildConfiguration;
			baseConfigurationReference = C7916EFBF68CDEE829F312C0 /* Pods-StoryBoardPost-StoryBoardPostUITests.debug.xcconfig */;
			buildSettings = {
				ALWAYS_EMBED_SWIFT_STANDARD_LIBRARIES = YES;
				CODE_SIGN_STYLE = Automatic;
				CURRENT_PROJECT_VERSION = 1;
				GENERATE_INFOPLIST_FILE = YES;
				MARKETING_VERSION = 1.0;
				PRODUCT_BUNDLE_IDENTIFIER = Mysolt.StoryBoardPostUITests;
				PRODUCT_NAME = "$(TARGET_NAME)";
				SWIFT_EMIT_LOC_STRINGS = NO;
				SWIFT_VERSION = 5.0;
				TARGETED_DEVICE_FAMILY = "1,2";
				TEST_TARGET_NAME = StoryBoardPost;
			};
			name = Debug;
		};
		967E24DD2944809200784BBA /* Release */ = {
			isa = XCBuildConfiguration;
			baseConfigurationReference = 75EF5AB51227DF2525976137 /* Pods-StoryBoardPost-StoryBoardPostUITests.release.xcconfig */;
			buildSettings = {
				ALWAYS_EMBED_SWIFT_STANDARD_LIBRARIES = YES;
				CODE_SIGN_STYLE = Automatic;
				CURRENT_PROJECT_VERSION = 1;
				GENERATE_INFOPLIST_FILE = YES;
				MARKETING_VERSION = 1.0;
				PRODUCT_BUNDLE_IDENTIFIER = Mysolt.StoryBoardPostUITests;
				PRODUCT_NAME = "$(TARGET_NAME)";
				SWIFT_EMIT_LOC_STRINGS = NO;
				SWIFT_VERSION = 5.0;
				TARGETED_DEVICE_FAMILY = "1,2";
				TEST_TARGET_NAME = StoryBoardPost;
			};
			name = Release;
		};
/* End XCBuildConfiguration section */

/* Begin XCConfigurationList section */
		967E24A62944808E00784BBA /* Build configuration list for PBXProject "StoryBoardPost" */ = {
			isa = XCConfigurationList;
			buildConfigurations = (
				967E24D32944809200784BBA /* Debug */,
				967E24D42944809200784BBA /* Release */,
			);
			defaultConfigurationIsVisible = 0;
			defaultConfigurationName = Release;
		};
		967E24D52944809200784BBA /* Build configuration list for PBXNativeTarget "StoryBoardPost" */ = {
			isa = XCConfigurationList;
			buildConfigurations = (
				967E24D62944809200784BBA /* Debug */,
				967E24D72944809200784BBA /* Release */,
			);
			defaultConfigurationIsVisible = 0;
			defaultConfigurationName = Release;
		};
		967E24D82944809200784BBA /* Build configuration list for PBXNativeTarget "StoryBoardPostTests" */ = {
			isa = XCConfigurationList;
			buildConfigurations = (
				967E24D92944809200784BBA /* Debug */,
				967E24DA2944809200784BBA /* Release */,
			);
			defaultConfigurationIsVisible = 0;
			defaultConfigurationName = Release;
		};
		967E24DB2944809200784BBA /* Build configuration list for PBXNativeTarget "StoryBoardPostUITests" */ = {
			isa = XCConfigurationList;
			buildConfigurations = (
				967E24DC2944809200784BBA /* Debug */,
				967E24DD2944809200784BBA /* Release */,
			);
			defaultConfigurationIsVisible = 0;
			defaultConfigurationName = Release;
		};
/* End XCConfigurationList section */
	};
	rootObject = 967E24A32944808E00784BBA /* Project object */;
}
